
Microsoft Visual Studio Solution File, Format Version 12.00
# Visual Studio Version 17
VisualStudioVersion = 17.14.36109.1 d17.14
MinimumVisualStudioVersion = 10.0.40219.1
Project("{2150E333-8FDC-42A3-9474-1A3956D46DE8}") = "Test", "Test", "{02EA681E-C7D8-13C7-8484-4AC65E1B71E8}"
EndProject
Project("{2150E333-8FDC-42A3-9474-1A3956D46DE8}") = "Doc", "Doc", "{8A1878C7-2C72-48D7-803F-546ABE44E5A8}"
EndProject
Project("{2150E333-8FDC-42A3-9474-1A3956D46DE8}") = "Src", "Src", "{1BDCCAEC-F316-4472-A5D5-45AFAB8AFA33}"
EndProject
Project("{FAE04EC0-301F-11D3-BF4B-00C04F79EFBC}") = "IranFilmPort.Common", "IranFilmPort.Common\IranFilmPort.Common.csproj", "{93E2FBEB-4AE9-4A08-A50A-699092939226}"
EndProject
Project("{FAE04EC0-301F-11D3-BF4B-00C04F79EFBC}") = "IranFilmPort.Application", "IranFilmPort.Application\IranFilmPort.Application.csproj", "{E61CC6EE-B0B3-4D3F-8004-0E8A8F9E97FB}"
EndProject
Project("{2150E333-8FDC-42A3-9474-1A3956D46DE8}") = "Common", "Common", "{994B3118-F653-4770-B2BB-17FB282A2521}"
EndProject
Project("{2150E333-8FDC-42A3-9474-1A3956D46DE8}") = "Presentation", "Presentation", "{F3B2F5E3-D7CC-4EB2-B643-1DD2B488E4EA}"
EndProject
Project("{2150E333-8FDC-42A3-9474-1A3956D46DE8}") = "Core", "Core", "{B45ABEF7-1A64-42DB-B05D-49D4F1667270}"
EndProject
Project("{2150E333-8FDC-42A3-9474-1A3956D46DE8}") = "Infranstructure", "Infranstructure", "{0B36EA61-6B59-4C5F-8505-2F19C33B707D}"
EndProject
Project("{FAE04EC0-301F-11D3-BF4B-00C04F79EFBC}") = "IranFilmPort.Domain", "IranFilmPort.Domain\IranFilmPort.Domain.csproj", "{3E1E1C1B-73FC-4CB7-BE88-A6D6AFC73ED0}"
EndProject
Project("{FAE04EC0-301F-11D3-BF4B-00C04F79EFBC}") = "IranFilmPort.Infranstructure", "IranFilmPort.Infranstructure\IranFilmPort.Infranstructure.csproj", "{60AD6774-F138-4F3D-B5A6-FFC67148A56A}"
EndProject
Project("{FAE04EC0-301F-11D3-BF4B-00C04F79EFBC}") = "IranFilmPort.Persistence", "IranFilmPort.Persistence\IranFilmPort.Persistence.csproj", "{5D158831-72E4-4E44-83B0-AE88DC874ECE}"
EndProject
Project("{FAE04EC0-301F-11D3-BF4B-00C04F79EFBC}") = "Endpoint.Website", "Endpoint.Website\Endpoint.Website.csproj", "{4E1862C2-C658-4D4F-B135-32309169D815}"
EndProject
Global
	GlobalSection(SolutionConfigurationPlatforms) = preSolution
		Debug|Any CPU = Debug|Any CPU
		Release|Any CPU = Release|Any CPU
	EndGlobalSection
	GlobalSection(ProjectConfigurationPlatforms) = postSolution
		{93E2FBEB-4AE9-4A08-A50A-699092939226}.Debug|Any CPU.ActiveCfg = Debug|Any CPU
		{93E2FBEB-4AE9-4A08-A50A-699092939226}.Debug|Any CPU.Build.0 = Debug|Any CPU
		{93E2FBEB-4AE9-4A08-A50A-699092939226}.Release|Any CPU.ActiveCfg = Release|Any CPU
		{93E2FBEB-4AE9-4A08-A50A-699092939226}.Release|Any CPU.Build.0 = Release|Any CPU
		{E61CC6EE-B0B3-4D3F-8004-0E8A8F9E97FB}.Debug|Any CPU.ActiveCfg = Debug|Any CPU
		{E61CC6EE-B0B3-4D3F-8004-0E8A8F9E97FB}.Debug|Any CPU.Build.0 = Debug|Any CPU
		{E61CC6EE-B0B3-4D3F-8004-0E8A8F9E97FB}.Release|Any CPU.ActiveCfg = Release|Any CPU
		{E61CC6EE-B0B3-4D3F-8004-0E8A8F9E97FB}.Release|Any CPU.Build.0 = Release|Any CPU
		{3E1E1C1B-73FC-4CB7-BE88-A6D6AFC73ED0}.Debug|Any CPU.ActiveCfg = Debug|Any CPU
		{3E1E1C1B-73FC-4CB7-BE88-A6D6AFC73ED0}.Debug|Any CPU.Build.0 = Debug|Any CPU
		{3E1E1C1B-73FC-4CB7-BE88-A6D6AFC73ED0}.Release|Any CPU.ActiveCfg = Release|Any CPU
		{3E1E1C1B-73FC-4CB7-BE88-A6D6AFC73ED0}.Release|Any CPU.Build.0 = Release|Any CPU
		{60AD6774-F138-4F3D-B5A6-FFC67148A56A}.Debug|Any CPU.ActiveCfg = Debug|Any CPU
		{60AD6774-F138-4F3D-B5A6-FFC67148A56A}.Debug|Any CPU.Build.0 = Debug|Any CPU
		{60AD6774-F138-4F3D-B5A6-FFC67148A56A}.Release|Any CPU.ActiveCfg = Release|Any CPU
		{60AD6774-F138-4F3D-B5A6-FFC67148A56A}.Release|Any CPU.Build.0 = Release|Any CPU
		{5D158831-72E4-4E44-83B0-AE88DC874ECE}.Debug|Any CPU.ActiveCfg = Debug|Any CPU
		{5D158831-72E4-4E44-83B0-AE88DC874ECE}.Debug|Any CPU.Build.0 = Debug|Any CPU
		{5D158831-72E4-4E44-83B0-AE88DC874ECE}.Release|Any CPU.ActiveCfg = Release|Any CPU
		{5D158831-72E4-4E44-83B0-AE88DC874ECE}.Release|Any CPU.Build.0 = Release|Any CPU
		{4E1862C2-C658-4D4F-B135-32309169D815}.Debug|Any CPU.ActiveCfg = Debug|Any CPU
		{4E1862C2-C658-4D4F-B135-32309169D815}.Debug|Any CPU.Build.0 = Debug|Any CPU
		{4E1862C2-C658-4D4F-B135-32309169D815}.Release|Any CPU.ActiveCfg = Release|Any CPU
		{4E1862C2-C658-4D4F-B135-32309169D815}.Release|Any CPU.Build.0 = Release|Any CPU
	EndGlobalSection
	GlobalSection(SolutionProperties) = preSolution
		HideSolutionNode = FALSE
	EndGlobalSection
	GlobalSection(NestedProjects) = preSolution
		{93E2FBEB-4AE9-4A08-A50A-699092939226} = {994B3118-F653-4770-B2BB-17FB282A2521}
		{E61CC6EE-B0B3-4D3F-8004-0E8A8F9E97FB} = {B45ABEF7-1A64-42DB-B05D-49D4F1667270}
		{994B3118-F653-4770-B2BB-17FB282A2521} = {1BDCCAEC-F316-4472-A5D5-45AFAB8AFA33}
		{F3B2F5E3-D7CC-4EB2-B643-1DD2B488E4EA} = {1BDCCAEC-F316-4472-A5D5-45AFAB8AFA33}
		{B45ABEF7-1A64-42DB-B05D-49D4F1667270} = {1BDCCAEC-F316-4472-A5D5-45AFAB8AFA33}
		{0B36EA61-6B59-4C5F-8505-2F19C33B707D} = {1BDCCAEC-F316-4472-A5D5-45AFAB8AFA33}
		{3E1E1C1B-73FC-4CB7-BE88-A6D6AFC73ED0} = {B45ABEF7-1A64-42DB-B05D-49D4F1667270}
		{60AD6774-F138-4F3D-B5A6-FFC67148A56A} = {0B36EA61-6B59-4C5F-8505-2F19C33B707D}
		{5D158831-72E4-4E44-83B0-AE88DC874ECE} = {0B36EA61-6B59-4C5F-8505-2F19C33B707D}
		{4E1862C2-C658-4D4F-B135-32309169D815} = {F3B2F5E3-D7CC-4EB2-B643-1DD2B488E4EA}
	EndGlobalSection
	GlobalSection(ExtensibilityGlobals) = postSolution
		SolutionGuid = {35A5901B-063F-4932-BF75-8C140B6A037F}
	EndGlobalSection
EndGlobal
